
Microsoft Visual Studio Solution File, Format Version 12.00
# Visual Studio Version 16
VisualStudioVersion = 16.0.30517.126
MinimumVisualStudioVersion = 10.0.40219.1
Project("{FAE04EC0-301F-11D3-BF4B-00C04F79EFBC}") = "TeamPlayerAPI", "TeamPlayerAPI.csproj", "{8F2FD685-4221-4385-96EC-45D7A583EAF5}"
EndProject
Global
	GlobalSection(SolutionConfigurationPlatforms) = preSolution
		Debug|Any CPU = Debug|Any CPU
		Release|Any CPU = Release|Any CPU
	EndGlobalSection
	GlobalSection(ProjectConfigurationPlatforms) = postSolution
		{8F2FD685-4221-4385-96EC-45D7A583EAF5}.Debug|Any CPU.ActiveCfg = Debug|Any CPU
		{8F2FD685-4221-4385-96EC-45D7A583EAF5}.Debug|Any CPU.Build.0 = Debug|Any CPU
		{8F2FD685-4221-4385-96EC-45D7A583EAF5}.Release|Any CPU.ActiveCfg = Release|Any CPU
		{8F2FD685-4221-4385-96EC-45D7A583EAF5}.Release|Any CPU.Build.0 = Release|Any CPU
	EndGlobalSection
	GlobalSection(SolutionProperties) = preSolution
		HideSolutionNode = FALSE
	EndGlobalSection
	GlobalSection(ExtensibilityGlobals) = postSolution
		SolutionGuid = {BFA5947E-3F18-40B9-9232-F32933B6BC03}
	EndGlobalSection
EndGlobal
